
Microsoft Visual Studio Solution File, Format Version 12.00
# Visual Studio Version 16
VisualStudioVersion = 16.0.31313.79
MinimumVisualStudioVersion = 10.0.40219.1
Project("{9A19103F-16F7-4668-BE54-9A1E7A4F7556}") = "ip_backend_pixelServer", "ip_backend_pixelServer\ip_backend_pixelServer.csproj", "{5CE5CF8C-47CE-493D-9C22-32649428A56D}"
EndProject
Project("{FAE04EC0-301F-11D3-BF4B-00C04F79EFBC}") = "GameTests", "GameTests\GameTests.csproj", "{F38B67E6-CBD5-4188-9F2C-FD21394CBA32}"
EndProject
Global
	GlobalSection(SolutionConfigurationPlatforms) = preSolution
		Debug|Any CPU = Debug|Any CPU
		Release|Any CPU = Release|Any CPU
	EndGlobalSection
	GlobalSection(ProjectConfigurationPlatforms) = postSolution
		{5CE5CF8C-47CE-493D-9C22-32649428A56D}.Debug|Any CPU.ActiveCfg = Debug|Any CPU
		{5CE5CF8C-47CE-493D-9C22-32649428A56D}.Debug|Any CPU.Build.0 = Debug|Any CPU
		{5CE5CF8C-47CE-493D-9C22-32649428A56D}.Release|Any CPU.ActiveCfg = Release|Any CPU
		{5CE5CF8C-47CE-493D-9C22-32649428A56D}.Release|Any CPU.Build.0 = Release|Any CPU
		{F38B67E6-CBD5-4188-9F2C-FD21394CBA32}.Debug|Any CPU.ActiveCfg = Debug|Any CPU
		{F38B67E6-CBD5-4188-9F2C-FD21394CBA32}.Debug|Any CPU.Build.0 = Debug|Any CPU
		{F38B67E6-CBD5-4188-9F2C-FD21394CBA32}.Release|Any CPU.ActiveCfg = Release|Any CPU
		{F38B67E6-CBD5-4188-9F2C-FD21394CBA32}.Release|Any CPU.Build.0 = Release|Any CPU
	EndGlobalSection
	GlobalSection(SolutionProperties) = preSolution
		HideSolutionNode = FALSE
	EndGlobalSection
	GlobalSection(ExtensibilityGlobals) = postSolution
		SolutionGuid = {D2B0F6C0-CF2D-4A19-98BD-569BB8F797DB}
	EndGlobalSection
EndGlobal
